
Microsoft Visual Studio Solution File, Format Version 12.00
# Visual Studio Version 17
VisualStudioVersion = 17.12.35527.113
MinimumVisualStudioVersion = 10.0.40219.1
Project("{FAE04EC0-301F-11D3-BF4B-00C04F79EFBC}") = "BazzarBook", "BazzarBook.csproj", "{77DB0012-0F40-4EA0-B8CA-9E1FF1FFE085}"
EndProject
Project("{FAE04EC0-301F-11D3-BF4B-00C04F79EFBC}") = "BazzarBook.DataAccess", "..\DataAccess\BazzarBook.DataAccess.csproj", "{6A14215C-820D-4D8E-B075-DCEA653A04A8}"
EndProject
Project("{FAE04EC0-301F-11D3-BF4B-00C04F79EFBC}") = "BazzarBook.Models", "..\Models\BazzarBook.Models.csproj", "{EC1CB081-6513-4AC1-AD30-4409DAE888E7}"
EndProject
Project("{FAE04EC0-301F-11D3-BF4B-00C04F79EFBC}") = "BazzarBook.Utility", "..\Utility\BazzarBook.Utility.csproj", "{9555C3A0-5831-45ED-9648-8BADF57417D9}"
EndProject
Global
	GlobalSection(SolutionConfigurationPlatforms) = preSolution
		Debug|Any CPU = Debug|Any CPU
		Release|Any CPU = Release|Any CPU
	EndGlobalSection
	GlobalSection(ProjectConfigurationPlatforms) = postSolution
		{77DB0012-0F40-4EA0-B8CA-9E1FF1FFE085}.Debug|Any CPU.ActiveCfg = Debug|Any CPU
		{77DB0012-0F40-4EA0-B8CA-9E1FF1FFE085}.Debug|Any CPU.Build.0 = Debug|Any CPU
		{77DB0012-0F40-4EA0-B8CA-9E1FF1FFE085}.Release|Any CPU.ActiveCfg = Release|Any CPU
		{77DB0012-0F40-4EA0-B8CA-9E1FF1FFE085}.Release|Any CPU.Build.0 = Release|Any CPU
		{6A14215C-820D-4D8E-B075-DCEA653A04A8}.Debug|Any CPU.ActiveCfg = Debug|Any CPU
		{6A14215C-820D-4D8E-B075-DCEA653A04A8}.Debug|Any CPU.Build.0 = Debug|Any CPU
		{6A14215C-820D-4D8E-B075-DCEA653A04A8}.Release|Any CPU.ActiveCfg = Release|Any CPU
		{6A14215C-820D-4D8E-B075-DCEA653A04A8}.Release|Any CPU.Build.0 = Release|Any CPU
		{EC1CB081-6513-4AC1-AD30-4409DAE888E7}.Debug|Any CPU.ActiveCfg = Debug|Any CPU
		{EC1CB081-6513-4AC1-AD30-4409DAE888E7}.Debug|Any CPU.Build.0 = Debug|Any CPU
		{EC1CB081-6513-4AC1-AD30-4409DAE888E7}.Release|Any CPU.ActiveCfg = Release|Any CPU
		{EC1CB081-6513-4AC1-AD30-4409DAE888E7}.Release|Any CPU.Build.0 = Release|Any CPU
		{9555C3A0-5831-45ED-9648-8BADF57417D9}.Debug|Any CPU.ActiveCfg = Debug|Any CPU
		{9555C3A0-5831-45ED-9648-8BADF57417D9}.Debug|Any CPU.Build.0 = Debug|Any CPU
		{9555C3A0-5831-45ED-9648-8BADF57417D9}.Release|Any CPU.ActiveCfg = Release|Any CPU
		{9555C3A0-5831-45ED-9648-8BADF57417D9}.Release|Any CPU.Build.0 = Release|Any CPU
	EndGlobalSection
	GlobalSection(SolutionProperties) = preSolution
		HideSolutionNode = FALSE
	EndGlobalSection
EndGlobal
