
Microsoft Visual Studio Solution File, Format Version 12.00
# Visual Studio Version 17
VisualStudioVersion = 17.13.35806.99 d17.13
MinimumVisualStudioVersion = 10.0.40219.1
Project("{FAE04EC0-301F-11D3-BF4B-00C04F79EFBC}") = "BazzarBook", "BazzarBook\BazzarBook.csproj", "{79F03137-199F-4154-A9AC-C0E25A07B4E5}"
EndProject
Global
	GlobalSection(SolutionConfigurationPlatforms) = preSolution
		Debug|Any CPU = Debug|Any CPU
		Release|Any CPU = Release|Any CPU
	EndGlobalSection
	GlobalSection(ProjectConfigurationPlatforms) = postSolution
		{79F03137-199F-4154-A9AC-C0E25A07B4E5}.Debug|Any CPU.ActiveCfg = Debug|Any CPU
		{79F03137-199F-4154-A9AC-C0E25A07B4E5}.Debug|Any CPU.Build.0 = Debug|Any CPU
		{79F03137-199F-4154-A9AC-C0E25A07B4E5}.Release|Any CPU.ActiveCfg = Release|Any CPU
		{79F03137-199F-4154-A9AC-C0E25A07B4E5}.Release|Any CPU.Build.0 = Release|Any CPU
	EndGlobalSection
	GlobalSection(SolutionProperties) = preSolution
		HideSolutionNode = FALSE
	EndGlobalSection
	GlobalSection(ExtensibilityGlobals) = postSolution
		SolutionGuid = {0FB2103E-12BD-476D-AD97-6F68ABD8F930}
	EndGlobalSection
EndGlobal
